{
  "name": "shlle",
  "version": "1.0.0",
  "lockfileVersion": 3,
  "requires": true,
  "packages": {
    "": {
      "name": "shlle",
      "version": "1.0.0",
      "license": "MIT",
      "dependencies": {
        "shell-parser": "^1.0.0"
      },
      "bin": {
        "shlle": "index.js"
      }
    },
    "node_modules/shell-parser": {
      "version": "1.0.0",
      "resolved": "https://registry.npmjs.org/shell-parser/-/shell-parser-1.0.0.tgz",
      "integrity": "sha512-RBbMwEVcz+qaj99bzzDMAs/sqhwJS4RgC+PNBLaH1EaUo20ppp3iq4rh3hzplOrbzjDXt5wviIf0B7k9nTBAZA=="
    }
  }
}
